
Microsoft Visual Studio Solution File, Format Version 12.00
# Visual Studio Version 16
VisualStudioVersion = 16.0.28803.540
MinimumVisualStudioVersion = 10.0.40219.1
Project("{FAE04EC0-301F-11D3-BF4B-00C04F79EFBC}") = "App1.UWP", "App1\App1.UWP\App1.UWP.csproj", "{9C97F301-C83A-4EAE-AD7C-CA97C95BF9EF}"
EndProject
Project("{FAE04EC0-301F-11D3-BF4B-00C04F79EFBC}") = "App1.Android", "App1\App1.Android\App1.Android.csproj", "{EAEC2C14-9E76-4992-AD5E-B4B4E5C1D825}"
EndProject
Project("{FAE04EC0-301F-11D3-BF4B-00C04F79EFBC}") = "App1.iOS", "App1\App1.iOS\App1.iOS.csproj", "{C11FF700-74ED-4387-8324-504BEFB605FE}"
EndProject
Project("{9A19103F-16F7-4668-BE54-9A1E7A4F7556}") = "App1", "App1\App1\App1.csproj", "{5C87C65A-06F9-4F33-89B4-8AD910E056AA}"
EndProject
Project("{9A19103F-16F7-4668-BE54-9A1E7A4F7556}") = "Xamarin.MetaProgramming", "Aspect\Xamarin.MetaProgramming.csproj", "{6313F0AF-913C-4D88-BC32-68A815FDAF2D}"
EndProject
Global
	GlobalSection(SolutionConfigurationPlatforms) = preSolution
		Debug|Any CPU = Debug|Any CPU
		Debug|ARM = Debug|ARM
		Debug|iPhone = Debug|iPhone
		Debug|iPhoneSimulator = Debug|iPhoneSimulator
		Debug|x64 = Debug|x64
		Debug|x86 = Debug|x86
		Release|Any CPU = Release|Any CPU
		Release|ARM = Release|ARM
		Release|iPhone = Release|iPhone
		Release|iPhoneSimulator = Release|iPhoneSimulator
		Release|x64 = Release|x64
		Release|x86 = Release|x86
	EndGlobalSection
	GlobalSection(ProjectConfigurationPlatforms) = postSolution
		{9C97F301-C83A-4EAE-AD7C-CA97C95BF9EF}.Debug|Any CPU.ActiveCfg = Debug|x86
		{9C97F301-C83A-4EAE-AD7C-CA97C95BF9EF}.Debug|Any CPU.Build.0 = Debug|x86
		{9C97F301-C83A-4EAE-AD7C-CA97C95BF9EF}.Debug|Any CPU.Deploy.0 = Debug|x86
		{9C97F301-C83A-4EAE-AD7C-CA97C95BF9EF}.Debug|ARM.ActiveCfg = Debug|ARM
		{9C97F301-C83A-4EAE-AD7C-CA97C95BF9EF}.Debug|ARM.Build.0 = Debug|ARM
		{9C97F301-C83A-4EAE-AD7C-CA97C95BF9EF}.Debug|ARM.Deploy.0 = Debug|ARM
		{9C97F301-C83A-4EAE-AD7C-CA97C95BF9EF}.Debug|iPhone.ActiveCfg = Debug|x86
		{9C97F301-C83A-4EAE-AD7C-CA97C95BF9EF}.Debug|iPhone.Build.0 = Debug|x86
		{9C97F301-C83A-4EAE-AD7C-CA97C95BF9EF}.Debug|iPhone.Deploy.0 = Debug|x86
		{9C97F301-C83A-4EAE-AD7C-CA97C95BF9EF}.Debug|iPhoneSimulator.ActiveCfg = Debug|x86
		{9C97F301-C83A-4EAE-AD7C-CA97C95BF9EF}.Debug|iPhoneSimulator.Build.0 = Debug|x86
		{9C97F301-C83A-4EAE-AD7C-CA97C95BF9EF}.Debug|iPhoneSimulator.Deploy.0 = Debug|x86
		{9C97F301-C83A-4EAE-AD7C-CA97C95BF9EF}.Debug|x64.ActiveCfg = Debug|x64
		{9C97F301-C83A-4EAE-AD7C-CA97C95BF9EF}.Debug|x64.Build.0 = Debug|x64
		{9C97F301-C83A-4EAE-AD7C-CA97C95BF9EF}.Debug|x64.Deploy.0 = Debug|x64
		{9C97F301-C83A-4EAE-AD7C-CA97C95BF9EF}.Debug|x86.ActiveCfg = Debug|x86
		{9C97F301-C83A-4EAE-AD7C-CA97C95BF9EF}.Debug|x86.Build.0 = Debug|x86
		{9C97F301-C83A-4EAE-AD7C-CA97C95BF9EF}.Debug|x86.Deploy.0 = Debug|x86
		{9C97F301-C83A-4EAE-AD7C-CA97C95BF9EF}.Release|Any CPU.ActiveCfg = Release|x86
		{9C97F301-C83A-4EAE-AD7C-CA97C95BF9EF}.Release|Any CPU.Build.0 = Release|x86
		{9C97F301-C83A-4EAE-AD7C-CA97C95BF9EF}.Release|Any CPU.Deploy.0 = Release|x86
		{9C97F301-C83A-4EAE-AD7C-CA97C95BF9EF}.Release|ARM.ActiveCfg = Release|ARM
		{9C97F301-C83A-4EAE-AD7C-CA97C95BF9EF}.Release|ARM.Build.0 = Release|ARM
		{9C97F301-C83A-4EAE-AD7C-CA97C95BF9EF}.Release|ARM.Deploy.0 = Release|ARM
		{9C97F301-C83A-4EAE-AD7C-CA97C95BF9EF}.Release|iPhone.ActiveCfg = Release|x86
		{9C97F301-C83A-4EAE-AD7C-CA97C95BF9EF}.Release|iPhone.Build.0 = Release|x86
		{9C97F301-C83A-4EAE-AD7C-CA97C95BF9EF}.Release|iPhone.Deploy.0 = Release|x86
		{9C97F301-C83A-4EAE-AD7C-CA97C95BF9EF}.Release|iPhoneSimulator.ActiveCfg = Release|x86
		{9C97F301-C83A-4EAE-AD7C-CA97C95BF9EF}.Release|iPhoneSimulator.Build.0 = Release|x86
		{9C97F301-C83A-4EAE-AD7C-CA97C95BF9EF}.Release|iPhoneSimulator.Deploy.0 = Release|x86
		{9C97F301-C83A-4EAE-AD7C-CA97C95BF9EF}.Release|x64.ActiveCfg = Release|x64
		{9C97F301-C83A-4EAE-AD7C-CA97C95BF9EF}.Release|x64.Build.0 = Release|x64
		{9C97F301-C83A-4EAE-AD7C-CA97C95BF9EF}.Release|x64.Deploy.0 = Release|x64
		{9C97F301-C83A-4EAE-AD7C-CA97C95BF9EF}.Release|x86.ActiveCfg = Release|x86
		{9C97F301-C83A-4EAE-AD7C-CA97C95BF9EF}.Release|x86.Build.0 = Release|x86
		{9C97F301-C83A-4EAE-AD7C-CA97C95BF9EF}.Release|x86.Deploy.0 = Release|x86
		{EAEC2C14-9E76-4992-AD5E-B4B4E5C1D825}.Debug|Any CPU.ActiveCfg = Debug|Any CPU
		{EAEC2C14-9E76-4992-AD5E-B4B4E5C1D825}.Debug|Any CPU.Build.0 = Debug|Any CPU
		{EAEC2C14-9E76-4992-AD5E-B4B4E5C1D825}.Debug|Any CPU.Deploy.0 = Debug|Any CPU
		{EAEC2C14-9E76-4992-AD5E-B4B4E5C1D825}.Debug|ARM.ActiveCfg = Debug|Any CPU
		{EAEC2C14-9E76-4992-AD5E-B4B4E5C1D825}.Debug|ARM.Build.0 = Debug|Any CPU
		{EAEC2C14-9E76-4992-AD5E-B4B4E5C1D825}.Debug|ARM.Deploy.0 = Debug|Any CPU
		{EAEC2C14-9E76-4992-AD5E-B4B4E5C1D825}.Debug|iPhone.ActiveCfg = Debug|Any CPU
		{EAEC2C14-9E76-4992-AD5E-B4B4E5C1D825}.Debug|iPhone.Build.0 = Debug|Any CPU
		{EAEC2C14-9E76-4992-AD5E-B4B4E5C1D825}.Debug|iPhone.Deploy.0 = Debug|Any CPU
		{EAEC2C14-9E76-4992-AD5E-B4B4E5C1D825}.Debug|iPhoneSimulator.ActiveCfg = Debug|Any CPU
		{EAEC2C14-9E76-4992-AD5E-B4B4E5C1D825}.Debug|iPhoneSimulator.Build.0 = Debug|Any CPU
		{EAEC2C14-9E76-4992-AD5E-B4B4E5C1D825}.Debug|iPhoneSimulator.Deploy.0 = Debug|Any CPU
		{EAEC2C14-9E76-4992-AD5E-B4B4E5C1D825}.Debug|x64.ActiveCfg = Debug|Any CPU
		{EAEC2C14-9E76-4992-AD5E-B4B4E5C1D825}.Debug|x64.Build.0 = Debug|Any CPU
		{EAEC2C14-9E76-4992-AD5E-B4B4E5C1D825}.Debug|x64.Deploy.0 = Debug|Any CPU
		{EAEC2C14-9E76-4992-AD5E-B4B4E5C1D825}.Debug|x86.ActiveCfg = Debug|Any CPU
		{EAEC2C14-9E76-4992-AD5E-B4B4E5C1D825}.Debug|x86.Build.0 = Debug|Any CPU
		{EAEC2C14-9E76-4992-AD5E-B4B4E5C1D825}.Debug|x86.Deploy.0 = Debug|Any CPU
		{EAEC2C14-9E76-4992-AD5E-B4B4E5C1D825}.Release|Any CPU.ActiveCfg = Release|Any CPU
		{EAEC2C14-9E76-4992-AD5E-B4B4E5C1D825}.Release|Any CPU.Build.0 = Release|Any CPU
		{EAEC2C14-9E76-4992-AD5E-B4B4E5C1D825}.Release|Any CPU.Deploy.0 = Release|Any CPU
		{EAEC2C14-9E76-4992-AD5E-B4B4E5C1D825}.Release|ARM.ActiveCfg = Release|Any CPU
		{EAEC2C14-9E76-4992-AD5E-B4B4E5C1D825}.Release|ARM.Build.0 = Release|Any CPU
		{EAEC2C14-9E76-4992-AD5E-B4B4E5C1D825}.Release|ARM.Deploy.0 = Release|Any CPU
		{EAEC2C14-9E76-4992-AD5E-B4B4E5C1D825}.Release|iPhone.ActiveCfg = Release|Any CPU
		{EAEC2C14-9E76-4992-AD5E-B4B4E5C1D825}.Release|iPhone.Build.0 = Release|Any CPU
		{EAEC2C14-9E76-4992-AD5E-B4B4E5C1D825}.Release|iPhone.Deploy.0 = Release|Any CPU
		{EAEC2C14-9E76-4992-AD5E-B4B4E5C1D825}.Release|iPhoneSimulator.ActiveCfg = Release|Any CPU
		{EAEC2C14-9E76-4992-AD5E-B4B4E5C1D825}.Release|iPhoneSimulator.Build.0 = Release|Any CPU
		{EAEC2C14-9E76-4992-AD5E-B4B4E5C1D825}.Release|iPhoneSimulator.Deploy.0 = Release|Any CPU
		{EAEC2C14-9E76-4992-AD5E-B4B4E5C1D825}.Release|x64.ActiveCfg = Release|Any CPU
		{EAEC2C14-9E76-4992-AD5E-B4B4E5C1D825}.Release|x64.Build.0 = Release|Any CPU
		{EAEC2C14-9E76-4992-AD5E-B4B4E5C1D825}.Release|x64.Deploy.0 = Release|Any CPU
		{EAEC2C14-9E76-4992-AD5E-B4B4E5C1D825}.Release|x86.ActiveCfg = Release|Any CPU
		{EAEC2C14-9E76-4992-AD5E-B4B4E5C1D825}.Release|x86.Build.0 = Release|Any CPU
		{EAEC2C14-9E76-4992-AD5E-B4B4E5C1D825}.Release|x86.Deploy.0 = Release|Any CPU
		{C11FF700-74ED-4387-8324-504BEFB605FE}.Debug|Any CPU.ActiveCfg = Debug|iPhone
		{C11FF700-74ED-4387-8324-504BEFB605FE}.Debug|Any CPU.Build.0 = Debug|iPhone
		{C11FF700-74ED-4387-8324-504BEFB605FE}.Debug|Any CPU.Deploy.0 = Debug|iPhone
		{C11FF700-74ED-4387-8324-504BEFB605FE}.Debug|ARM.ActiveCfg = Debug|iPhoneSimulator
		{C11FF700-74ED-4387-8324-504BEFB605FE}.Debug|ARM.Build.0 = Debug|iPhoneSimulator
		{C11FF700-74ED-4387-8324-504BEFB605FE}.Debug|ARM.Deploy.0 = Debug|iPhoneSimulator
		{C11FF700-74ED-4387-8324-504BEFB605FE}.Debug|iPhone.ActiveCfg = Debug|iPhone
		{C11FF700-74ED-4387-8324-504BEFB605FE}.Debug|iPhone.Build.0 = Debug|iPhone
		{C11FF700-74ED-4387-8324-504BEFB605FE}.Debug|iPhone.Deploy.0 = Debug|iPhone
		{C11FF700-74ED-4387-8324-504BEFB605FE}.Debug|iPhoneSimulator.ActiveCfg = Debug|iPhoneSimulator
		{C11FF700-74ED-4387-8324-504BEFB605FE}.Debug|iPhoneSimulator.Build.0 = Debug|iPhoneSimulator
		{C11FF700-74ED-4387-8324-504BEFB605FE}.Debug|iPhoneSimulator.Deploy.0 = Debug|iPhoneSimulator
		{C11FF700-74ED-4387-8324-504BEFB605FE}.Debug|x64.ActiveCfg = Debug|iPhone
		{C11FF700-74ED-4387-8324-504BEFB605FE}.Debug|x64.Build.0 = Debug|iPhone
		{C11FF700-74ED-4387-8324-504BEFB605FE}.Debug|x64.Deploy.0 = Debug|iPhone
		{C11FF700-74ED-4387-8324-504BEFB605FE}.Debug|x86.ActiveCfg = Debug|iPhone
		{C11FF700-74ED-4387-8324-504BEFB605FE}.Debug|x86.Build.0 = Debug|iPhone
		{C11FF700-74ED-4387-8324-504BEFB605FE}.Debug|x86.Deploy.0 = Debug|iPhone
		{C11FF700-74ED-4387-8324-504BEFB605FE}.Release|Any CPU.ActiveCfg = Release|iPhone
		{C11FF700-74ED-4387-8324-504BEFB605FE}.Release|Any CPU.Build.0 = Release|iPhone
		{C11FF700-74ED-4387-8324-504BEFB605FE}.Release|Any CPU.Deploy.0 = Release|iPhone
		{C11FF700-74ED-4387-8324-504BEFB605FE}.Release|ARM.ActiveCfg = Release|iPhone
		{C11FF700-74ED-4387-8324-504BEFB605FE}.Release|ARM.Build.0 = Release|iPhone
		{C11FF700-74ED-4387-8324-504BEFB605FE}.Release|ARM.Deploy.0 = Release|iPhone
		{C11FF700-74ED-4387-8324-504BEFB605FE}.Release|iPhone.ActiveCfg = Release|iPhone
		{C11FF700-74ED-4387-8324-504BEFB605FE}.Release|iPhone.Build.0 = Release|iPhone
		{C11FF700-74ED-4387-8324-504BEFB605FE}.Release|iPhone.Deploy.0 = Release|iPhone
		{C11FF700-74ED-4387-8324-504BEFB605FE}.Release|iPhoneSimulator.ActiveCfg = Release|iPhoneSimulator
		{C11FF700-74ED-4387-8324-504BEFB605FE}.Release|iPhoneSimulator.Build.0 = Release|iPhoneSimulator
		{C11FF700-74ED-4387-8324-504BEFB605FE}.Release|iPhoneSimulator.Deploy.0 = Release|iPhoneSimulator
		{C11FF700-74ED-4387-8324-504BEFB605FE}.Release|x64.ActiveCfg = Release|iPhone
		{C11FF700-74ED-4387-8324-504BEFB605FE}.Release|x64.Build.0 = Release|iPhone
		{C11FF700-74ED-4387-8324-504BEFB605FE}.Release|x64.Deploy.0 = Release|iPhone
		{C11FF700-74ED-4387-8324-504BEFB605FE}.Release|x86.ActiveCfg = Release|iPhone
		{C11FF700-74ED-4387-8324-504BEFB605FE}.Release|x86.Build.0 = Release|iPhone
		{C11FF700-74ED-4387-8324-504BEFB605FE}.Release|x86.Deploy.0 = Release|iPhone
		{5C87C65A-06F9-4F33-89B4-8AD910E056AA}.Debug|Any CPU.ActiveCfg = Debug|Any CPU
		{5C87C65A-06F9-4F33-89B4-8AD910E056AA}.Debug|Any CPU.Build.0 = Debug|Any CPU
		{5C87C65A-06F9-4F33-89B4-8AD910E056AA}.Debug|Any CPU.Deploy.0 = Debug|Any CPU
		{5C87C65A-06F9-4F33-89B4-8AD910E056AA}.Debug|ARM.ActiveCfg = Debug|Any CPU
		{5C87C65A-06F9-4F33-89B4-8AD910E056AA}.Debug|ARM.Build.0 = Debug|Any CPU
		{5C87C65A-06F9-4F33-89B4-8AD910E056AA}.Debug|ARM.Deploy.0 = Debug|Any CPU
		{5C87C65A-06F9-4F33-89B4-8AD910E056AA}.Debug|iPhone.ActiveCfg = Debug|Any CPU
		{5C87C65A-06F9-4F33-89B4-8AD910E056AA}.Debug|iPhone.Build.0 = Debug|Any CPU
		{5C87C65A-06F9-4F33-89B4-8AD910E056AA}.Debug|iPhone.Deploy.0 = Debug|Any CPU
		{5C87C65A-06F9-4F33-89B4-8AD910E056AA}.Debug|iPhoneSimulator.ActiveCfg = Debug|Any CPU
		{5C87C65A-06F9-4F33-89B4-8AD910E056AA}.Debug|iPhoneSimulator.Build.0 = Debug|Any CPU
		{5C87C65A-06F9-4F33-89B4-8AD910E056AA}.Debug|iPhoneSimulator.Deploy.0 = Debug|Any CPU
		{5C87C65A-06F9-4F33-89B4-8AD910E056AA}.Debug|x64.ActiveCfg = Debug|Any CPU
		{5C87C65A-06F9-4F33-89B4-8AD910E056AA}.Debug|x64.Build.0 = Debug|Any CPU
		{5C87C65A-06F9-4F33-89B4-8AD910E056AA}.Debug|x64.Deploy.0 = Debug|Any CPU
		{5C87C65A-06F9-4F33-89B4-8AD910E056AA}.Debug|x86.ActiveCfg = Debug|Any CPU
		{5C87C65A-06F9-4F33-89B4-8AD910E056AA}.Debug|x86.Build.0 = Debug|Any CPU
		{5C87C65A-06F9-4F33-89B4-8AD910E056AA}.Debug|x86.Deploy.0 = Debug|Any CPU
		{5C87C65A-06F9-4F33-89B4-8AD910E056AA}.Release|Any CPU.ActiveCfg = Release|Any CPU
		{5C87C65A-06F9-4F33-89B4-8AD910E056AA}.Release|Any CPU.Build.0 = Release|Any CPU
		{5C87C65A-06F9-4F33-89B4-8AD910E056AA}.Release|Any CPU.Deploy.0 = Release|Any CPU
		{5C87C65A-06F9-4F33-89B4-8AD910E056AA}.Release|ARM.ActiveCfg = Release|Any CPU
		{5C87C65A-06F9-4F33-89B4-8AD910E056AA}.Release|ARM.Build.0 = Release|Any CPU
		{5C87C65A-06F9-4F33-89B4-8AD910E056AA}.Release|ARM.Deploy.0 = Release|Any CPU
		{5C87C65A-06F9-4F33-89B4-8AD910E056AA}.Release|iPhone.ActiveCfg = Release|Any CPU
		{5C87C65A-06F9-4F33-89B4-8AD910E056AA}.Release|iPhone.Build.0 = Release|Any CPU
		{5C87C65A-06F9-4F33-89B4-8AD910E056AA}.Release|iPhone.Deploy.0 = Release|Any CPU
		{5C87C65A-06F9-4F33-89B4-8AD910E056AA}.Release|iPhoneSimulator.ActiveCfg = Release|Any CPU
		{5C87C65A-06F9-4F33-89B4-8AD910E056AA}.Release|iPhoneSimulator.Build.0 = Release|Any CPU
		{5C87C65A-06F9-4F33-89B4-8AD910E056AA}.Release|iPhoneSimulator.Deploy.0 = Release|Any CPU
		{5C87C65A-06F9-4F33-89B4-8AD910E056AA}.Release|x64.ActiveCfg = Release|Any CPU
		{5C87C65A-06F9-4F33-89B4-8AD910E056AA}.Release|x64.Build.0 = Release|Any CPU
		{5C87C65A-06F9-4F33-89B4-8AD910E056AA}.Release|x64.Deploy.0 = Release|Any CPU
		{5C87C65A-06F9-4F33-89B4-8AD910E056AA}.Release|x86.ActiveCfg = Release|Any CPU
		{5C87C65A-06F9-4F33-89B4-8AD910E056AA}.Release|x86.Build.0 = Release|Any CPU
		{5C87C65A-06F9-4F33-89B4-8AD910E056AA}.Release|x86.Deploy.0 = Release|Any CPU
		{6313F0AF-913C-4D88-BC32-68A815FDAF2D}.Debug|Any CPU.ActiveCfg = Debug|Any CPU
		{6313F0AF-913C-4D88-BC32-68A815FDAF2D}.Debug|Any CPU.Build.0 = Debug|Any CPU
		{6313F0AF-913C-4D88-BC32-68A815FDAF2D}.Debug|ARM.ActiveCfg = Debug|Any CPU
		{6313F0AF-913C-4D88-BC32-68A815FDAF2D}.Debug|ARM.Build.0 = Debug|Any CPU
		{6313F0AF-913C-4D88-BC32-68A815FDAF2D}.Debug|iPhone.ActiveCfg = Debug|Any CPU
		{6313F0AF-913C-4D88-BC32-68A815FDAF2D}.Debug|iPhone.Build.0 = Debug|Any CPU
		{6313F0AF-913C-4D88-BC32-68A815FDAF2D}.Debug|iPhoneSimulator.ActiveCfg = Debug|Any CPU
		{6313F0AF-913C-4D88-BC32-68A815FDAF2D}.Debug|iPhoneSimulator.Build.0 = Debug|Any CPU
		{6313F0AF-913C-4D88-BC32-68A815FDAF2D}.Debug|x64.ActiveCfg = Debug|Any CPU
		{6313F0AF-913C-4D88-BC32-68A815FDAF2D}.Debug|x64.Build.0 = Debug|Any CPU
		{6313F0AF-913C-4D88-BC32-68A815FDAF2D}.Debug|x86.ActiveCfg = Debug|Any CPU
		{6313F0AF-913C-4D88-BC32-68A815FDAF2D}.Debug|x86.Build.0 = Debug|Any CPU
		{6313F0AF-913C-4D88-BC32-68A815FDAF2D}.Release|Any CPU.ActiveCfg = Release|Any CPU
		{6313F0AF-913C-4D88-BC32-68A815FDAF2D}.Release|Any CPU.Build.0 = Release|Any CPU
		{6313F0AF-913C-4D88-BC32-68A815FDAF2D}.Release|ARM.ActiveCfg = Release|Any CPU
		{6313F0AF-913C-4D88-BC32-68A815FDAF2D}.Release|ARM.Build.0 = Release|Any CPU
		{6313F0AF-913C-4D88-BC32-68A815FDAF2D}.Release|iPhone.ActiveCfg = Release|Any CPU
		{6313F0AF-913C-4D88-BC32-68A815FDAF2D}.Release|iPhone.Build.0 = Release|Any CPU
		{6313F0AF-913C-4D88-BC32-68A815FDAF2D}.Release|iPhoneSimulator.ActiveCfg = Release|Any CPU
		{6313F0AF-913C-4D88-BC32-68A815FDAF2D}.Release|iPhoneSimulator.Build.0 = Release|Any CPU
		{6313F0AF-913C-4D88-BC32-68A815FDAF2D}.Release|x64.ActiveCfg = Release|Any CPU
		{6313F0AF-913C-4D88-BC32-68A815FDAF2D}.Release|x64.Build.0 = Release|Any CPU
		{6313F0AF-913C-4D88-BC32-68A815FDAF2D}.Release|x86.ActiveCfg = Release|Any CPU
		{6313F0AF-913C-4D88-BC32-68A815FDAF2D}.Release|x86.Build.0 = Release|Any CPU
	EndGlobalSection
	GlobalSection(SolutionProperties) = preSolution
		HideSolutionNode = FALSE
	EndGlobalSection
	GlobalSection(ExtensibilityGlobals) = postSolution
		SolutionGuid = {06F703FB-38DB-4491-82AB-858F3D199542}
	EndGlobalSection
EndGlobal
